
Microsoft Visual Studio Solution File, Format Version 12.00
# Visual Studio Version 17
VisualStudioVersion = 17.9.34723.18
MinimumVisualStudioVersion = 10.0.40219.1
Project("{FAE04EC0-301F-11D3-BF4B-00C04F79EFBC}") = "hometask", "hometask\hometask.csproj", "{FDC018E9-0BD7-496F-B450-D410A760156A}"
EndProject
Global
	GlobalSection(SolutionConfigurationPlatforms) = preSolution
		Debug|Any CPU = Debug|Any CPU
		Release|Any CPU = Release|Any CPU
	EndGlobalSection
	GlobalSection(ProjectConfigurationPlatforms) = postSolution
		{FDC018E9-0BD7-496F-B450-D410A760156A}.Debug|Any CPU.ActiveCfg = Debug|Any CPU
		{FDC018E9-0BD7-496F-B450-D410A760156A}.Debug|Any CPU.Build.0 = Debug|Any CPU
		{FDC018E9-0BD7-496F-B450-D410A760156A}.Release|Any CPU.ActiveCfg = Release|Any CPU
		{FDC018E9-0BD7-496F-B450-D410A760156A}.Release|Any CPU.Build.0 = Release|Any CPU
	EndGlobalSection
	GlobalSection(SolutionProperties) = preSolution
		HideSolutionNode = FALSE
	EndGlobalSection
	GlobalSection(ExtensibilityGlobals) = postSolution
		SolutionGuid = {77C41FF1-C0CD-42F9-9B59-3BF275968301}
	EndGlobalSection
EndGlobal
